{
  "name": "passport-stanford",
  "version": "1.2.0",
  "lockfileVersion": 3,
  "requires": true,
  "packages": {
    "": {
      "name": "passport-stanford",
      "version": "1.2.0",
      "license": "MIT",
      "dependencies": {
        "@node-saml/passport-saml": "^5.0.0"
      },
      "engines": {
        "node": ">=14.0.0"
      }
    },
    "node_modules/@node-saml/node-saml": {
      "version": "5.0.0",
      "resolved": "https://registry.npmjs.org/@node-saml/node-saml/-/node-saml-5.0.0.tgz",
      "integrity": "sha512-4JGubfHgL5egpXiuo9bupSGn6mgpfOQ/brZZvv2Qiho5aJmW7O1khbjdB7tsTsCvNFtLLjQqm3BmvcRicJyA2g==",
      "license": "MIT",
      "dependencies": {
        "@types/debug": "^4.1.12",
        "@types/qs": "^6.9.11",
        "@types/xml-encryption": "^1.2.4",
        "@types/xml2js": "^0.4.14",
        "@xmldom/is-dom-node": "^1.0.1",
        "@xmldom/xmldom": "^0.8.10",
        "debug": "^4.3.4",
        "xml-crypto": "^6.0.0",
        "xml-encryption": "^3.0.2",
        "xml2js": "^0.6.2",
        "xmlbuilder": "^15.1.1",
        "xpath": "^0.0.34"
      },
      "engines": {
        "node": ">= 18"
      }
    },
    "node_modules/@node-saml/passport-saml": {
      "version": "5.0.0",
      "resolved": "https://registry.npmjs.org/@node-saml/passport-saml/-/passport-saml-5.0.0.tgz",
      "integrity": "sha512-7miY7Id6UkP39+6HO68e3/V6eJwszytEQl+oCh0R/gbzp5nHA/WI1mvrI6NNUVq5gC5GEnDS8GTw7oj+Kx499w==",
      "license": "MIT",
      "dependencies": {
        "@node-saml/node-saml": "^5.0.0",
        "@types/express": "^4.17.21",
        "@types/passport": "^1.0.16",
        "@types/passport-strategy": "^0.2.38",
        "passport": "^0.7.0",
        "passport-strategy": "^1.0.0"
      },
      "engines": {
        "node": ">= 18"
      }
    },
    "node_modules/@types/body-parser": {
      "version": "1.19.5",
      "resolved": "https://registry.npmjs.org/@types/body-parser/-/body-parser-1.19.5.tgz",
      "integrity": "sha512-fB3Zu92ucau0iQ0JMCFQE7b/dv8Ot07NI3KaZIkIUNXq82k4eBAqUaneXfleGY9JWskeS9y+u0nXMyspcuQrCg==",
      "license": "MIT",
      "dependencies": {
        "@types/connect": "*",
        "@types/node": "*"
      }
    },
    "node_modules/@types/connect": {
      "version": "3.4.38",
      "resolved": "https://registry.npmjs.org/@types/connect/-/connect-3.4.38.tgz",
      "integrity": "sha512-K6uROf1LD88uDQqJCktA4yzL1YYAK6NgfsI0v/mTgyPKWsX1CnJ0XPSDhViejru1GcRkLWb8RlzFYJRqGUbaug==",
      "license": "MIT",
      "dependencies": {
        "@types/node": "*"
      }
    },
    "node_modules/@types/debug": {
      "version": "4.1.12",
      "resolved": "https://registry.npmjs.org/@types/debug/-/debug-4.1.12.tgz",
      "integrity": "sha512-vIChWdVG3LG1SMxEvI/AK+FWJthlrqlTu7fbrlywTkkaONwk/UAGaULXRlf8vkzFBLVm0zkMdCquhL5aOjhXPQ==",
      "license": "MIT",
      "dependencies": {
        "@types/ms": "*"
      }
    },
    "node_modules/@types/express": {
      "version": "4.17.21",
      "resolved": "https://registry.npmjs.org/@types/express/-/express-4.17.21.tgz",
      "integrity": "sha512-ejlPM315qwLpaQlQDTjPdsUFSc6ZsP4AN6AlWnogPjQ7CVi7PYF3YVz+CY3jE2pwYf7E/7HlDAN0rV2GxTG0HQ==",
      "license": "MIT",
      "dependencies": {
        "@types/body-parser": "*",
        "@types/express-serve-static-core": "^4.17.33",
        "@types/qs": "*",
        "@types/serve-static": "*"
      }
    },
    "node_modules/@types/express-serve-static-core": {
      "version": "4.19.5",
      "resolved": "https://registry.npmjs.org/@types/express-serve-static-core/-/express-serve-static-core-4.19.5.tgz",
      "integrity": "sha512-y6W03tvrACO72aijJ5uF02FRq5cgDR9lUxddQ8vyF+GvmjJQqbzDcJngEjURc+ZsG31VI3hODNZJ2URj86pzmg==",
      "license": "MIT",
      "dependencies": {
        "@types/node": "*",
        "@types/qs": "*",
        "@types/range-parser": "*",
        "@types/send": "*"
      }
    },
    "node_modules/@types/http-errors": {
      "version": "2.0.4",
      "resolved": "https://registry.npmjs.org/@types/http-errors/-/http-errors-2.0.4.tgz",
      "integrity": "sha512-D0CFMMtydbJAegzOyHjtiKPLlvnm3iTZyZRSZoLq2mRhDdmLfIWOCYPfQJ4cu2erKghU++QvjcUjp/5h7hESpA==",
      "license": "MIT"
    },
    "node_modules/@types/mime": {
      "version": "1.3.5",
      "resolved": "https://registry.npmjs.org/@types/mime/-/mime-1.3.5.tgz",
      "integrity": "sha512-/pyBZWSLD2n0dcHE3hq8s8ZvcETHtEuF+3E7XVt0Ig2nvsVQXdghHVcEkIWjy9A0wKfTn97a/PSDYohKIlnP/w==",
      "license": "MIT"
    },
    "node_modules/@types/ms": {
      "version": "0.7.34",
      "resolved": "https://registry.npmjs.org/@types/ms/-/ms-0.7.34.tgz",
      "integrity": "sha512-nG96G3Wp6acyAgJqGasjODb+acrI7KltPiRxzHPXnP3NgI28bpQDRv53olbqGXbfcgF5aiiHmO3xpwEpS5Ld9g==",
      "license": "MIT"
    },
    "node_modules/@types/node": {
      "version": "22.4.1",
      "resolved": "https://registry.npmjs.org/@types/node/-/node-22.4.1.tgz",
      "integrity": "sha512-1tbpb9325+gPnKK0dMm+/LMriX0vKxf6RnB0SZUqfyVkQ4fMgUSySqhxE/y8Jvs4NyF1yHzTfG9KlnkIODxPKg==",
      "license": "MIT",
      "dependencies": {
        "undici-types": "~6.19.2"
      }
    },
    "node_modules/@types/passport": {
      "version": "1.0.16",
      "resolved": "https://registry.npmjs.org/@types/passport/-/passport-1.0.16.tgz",
      "integrity": "sha512-FD0qD5hbPWQzaM0wHUnJ/T0BBCJBxCeemtnCwc/ThhTg3x9jfrAcRUmj5Dopza+MfFS9acTe3wk7rcVnRIp/0A==",
      "license": "MIT",
      "dependencies": {
        "@types/express": "*"
      }
    },
    "node_modules/@types/passport-strategy": {
      "version": "0.2.38",
      "resolved": "https://registry.npmjs.org/@types/passport-strategy/-/passport-strategy-0.2.38.tgz",
      "integrity": "sha512-GC6eMqqojOooq993Tmnmp7AUTbbQSgilyvpCYQjT+H6JfG/g6RGc7nXEniZlp0zyKJ0WUdOiZWLBZft9Yug1uA==",
      "license": "MIT",
      "dependencies": {
        "@types/express": "*",
        "@types/passport": "*"
      }
    },
    "node_modules/@types/qs": {
      "version": "6.9.15",
      "resolved": "https://registry.npmjs.org/@types/qs/-/qs-6.9.15.tgz",
      "integrity": "sha512-uXHQKES6DQKKCLh441Xv/dwxOq1TVS3JPUMlEqoEglvlhR6Mxnlew/Xq/LRVHpLyk7iK3zODe1qYHIMltO7XGg==",
      "license": "MIT"
    },
    "node_modules/@types/range-parser": {
      "version": "1.2.7",
      "resolved": "https://registry.npmjs.org/@types/range-parser/-/range-parser-1.2.7.tgz",
      "integrity": "sha512-hKormJbkJqzQGhziax5PItDUTMAM9uE2XXQmM37dyd4hVM+5aVl7oVxMVUiVQn2oCQFN/LKCZdvSM0pFRqbSmQ==",
      "license": "MIT"
    },
    "node_modules/@types/send": {
      "version": "0.17.4",
      "resolved": "https://registry.npmjs.org/@types/send/-/send-0.17.4.tgz",
      "integrity": "sha512-x2EM6TJOybec7c52BX0ZspPodMsQUd5L6PRwOunVyVUhXiBSKf3AezDL8Dgvgt5o0UfKNfuA0eMLr2wLT4AiBA==",
      "license": "MIT",
      "dependencies": {
        "@types/mime": "^1",
        "@types/node": "*"
      }
    },
    "node_modules/@types/serve-static": {
      "version": "1.15.7",
      "resolved": "https://registry.npmjs.org/@types/serve-static/-/serve-static-1.15.7.tgz",
      "integrity": "sha512-W8Ym+h8nhuRwaKPaDw34QUkwsGi6Rc4yYqvKFo5rm2FUEhCFbzVWrxXUxuKK8TASjWsysJY0nsmNCGhCOIsrOw==",
      "license": "MIT",
      "dependencies": {
        "@types/http-errors": "*",
        "@types/node": "*",
        "@types/send": "*"
      }
    },
    "node_modules/@types/xml-encryption": {
      "version": "1.2.4",
      "resolved": "https://registry.npmjs.org/@types/xml-encryption/-/xml-encryption-1.2.4.tgz",
      "integrity": "sha512-I69K/WW1Dv7j6O3jh13z0X8sLWJRXbu5xnHDl9yHzUNDUBtUoBY058eb5s+x/WG6yZC1h8aKdI2EoyEPjyEh+Q==",
      "license": "MIT",
      "dependencies": {
        "@types/node": "*"
      }
    },
    "node_modules/@types/xml2js": {
      "version": "0.4.14",
      "resolved": "https://registry.npmjs.org/@types/xml2js/-/xml2js-0.4.14.tgz",
      "integrity": "sha512-4YnrRemBShWRO2QjvUin8ESA41rH+9nQGLUGZV/1IDhi3SL9OhdpNC/MrulTWuptXKwhx/aDxE7toV0f/ypIXQ==",
      "license": "MIT",
      "dependencies": {
        "@types/node": "*"
      }
    },
    "node_modules/@xmldom/is-dom-node": {
      "version": "1.0.1",
      "resolved": "https://registry.npmjs.org/@xmldom/is-dom-node/-/is-dom-node-1.0.1.tgz",
      "integrity": "sha512-CJDxIgE5I0FH+ttq/Fxy6nRpxP70+e2O048EPe85J2use3XKdatVM7dDVvFNjQudd9B49NPoZ+8PG49zj4Er8Q==",
      "license": "MIT",
      "engines": {
        "node": ">= 16"
      }
    },
    "node_modules/@xmldom/xmldom": {
      "version": "0.8.10",
      "resolved": "https://registry.npmjs.org/@xmldom/xmldom/-/xmldom-0.8.10.tgz",
      "integrity": "sha512-2WALfTl4xo2SkGCYRt6rDTFfk9R1czmBvUQy12gK2KuRKIpWEhcbbzy8EZXtz/jkRqHX8bFEc6FC1HjX4TUWYw==",
      "license": "MIT",
      "engines": {
        "node": ">=10.0.0"
      }
    },
    "node_modules/debug": {
      "version": "4.3.6",
      "resolved": "https://registry.npmjs.org/debug/-/debug-4.3.6.tgz",
      "integrity": "sha512-O/09Bd4Z1fBrU4VzkhFqVgpPzaGbw6Sm9FEkBT1A/YBXQFGuuSxa1dN2nxgxS34JmKXqYx8CZAwEVoJFImUXIg==",
      "license": "MIT",
      "dependencies": {
        "ms": "2.1.2"
      },
      "engines": {
        "node": ">=6.0"
      },
      "peerDependenciesMeta": {
        "supports-color": {
          "optional": true
        }
      }
    },
    "node_modules/escape-html": {
      "version": "1.0.3",
      "resolved": "https://registry.npmjs.org/escape-html/-/escape-html-1.0.3.tgz",
      "integrity": "sha512-NiSupZ4OeuGwr68lGIeym/ksIZMJodUGOSCZ/FSnTxcrekbvqrgdUxlJOMpijaKZVjAJrWrGs/6Jy8OMuyj9ow==",
      "license": "MIT"
    },
    "node_modules/ms": {
      "version": "2.1.2",
      "resolved": "https://registry.npmjs.org/ms/-/ms-2.1.2.tgz",
      "integrity": "sha512-sGkPx+VjMtmA6MX27oA4FBFELFCZZ4S4XqeGOXCv68tT+jb3vk/RyaKWP0PTKyWtmLSM0b+adUTEvbs1PEaH2w==",
      "license": "MIT"
    },
    "node_modules/passport": {
      "version": "0.7.0",
      "resolved": "https://registry.npmjs.org/passport/-/passport-0.7.0.tgz",
      "integrity": "sha512-cPLl+qZpSc+ireUvt+IzqbED1cHHkDoVYMo30jbJIdOOjQ1MQYZBPiNvmi8UM6lJuOpTPXJGZQk0DtC4y61MYQ==",
      "license": "MIT",
      "dependencies": {
        "passport-strategy": "1.x.x",
        "pause": "0.0.1",
        "utils-merge": "^1.0.1"
      },
      "engines": {
        "node": ">= 0.4.0"
      },
      "funding": {
        "type": "github",
        "url": "https://github.com/sponsors/jaredhanson"
      }
    },
    "node_modules/passport-strategy": {
      "version": "1.0.0",
      "resolved": "https://registry.npmjs.org/passport-strategy/-/passport-strategy-1.0.0.tgz",
      "integrity": "sha512-CB97UUvDKJde2V0KDWWB3lyf6PC3FaZP7YxZ2G8OAtn9p4HI9j9JLP9qjOGZFvyl8uwNT8qM+hGnz/n16NI7oA==",
      "engines": {
        "node": ">= 0.4.0"
      }
    },
    "node_modules/pause": {
      "version": "0.0.1",
      "resolved": "https://registry.npmjs.org/pause/-/pause-0.0.1.tgz",
      "integrity": "sha512-KG8UEiEVkR3wGEb4m5yZkVCzigAD+cVEJck2CzYZO37ZGJfctvVptVO192MwrtPhzONn6go8ylnOdMhKqi4nfg=="
    },
    "node_modules/sax": {
      "version": "1.4.1",
      "resolved": "https://registry.npmjs.org/sax/-/sax-1.4.1.tgz",
      "integrity": "sha512-+aWOz7yVScEGoKNd4PA10LZ8sk0A/z5+nXQG5giUO5rprX9jgYsTdov9qCchZiPIZezbZH+jRut8nPodFAX4Jg==",
      "license": "ISC"
    },
    "node_modules/undici-types": {
      "version": "6.19.8",
      "resolved": "https://registry.npmjs.org/undici-types/-/undici-types-6.19.8.tgz",
      "integrity": "sha512-ve2KP6f/JnbPBFyobGHuerC9g1FYGn/F8n1LWTwNxCEzd6IfqTwUQcNXgEtmmQ6DlRrC1hrSrBnCZPokRrDHjw==",
      "license": "MIT"
    },
    "node_modules/utils-merge": {
      "version": "1.0.1",
      "resolved": "https://registry.npmjs.org/utils-merge/-/utils-merge-1.0.1.tgz",
      "integrity": "sha512-pMZTvIkT1d+TFGvDOqodOclx0QWkkgi6Tdoa8gC8ffGAAqz9pzPTZWAybbsHHoED/ztMtkv/VoYTYyShUn81hA==",
      "license": "MIT",
      "engines": {
        "node": ">= 0.4.0"
      }
    },
    "node_modules/xml-crypto": {
      "version": "6.0.0",
      "resolved": "https://registry.npmjs.org/xml-crypto/-/xml-crypto-6.0.0.tgz",
      "integrity": "sha512-L3RgnkaDrHaYcCnoENv4Idzt1ZRj5U1z1BDH98QdDTQfssScx8adgxhd9qwyYo+E3fXbQZjEQH7aiXHLVgxGvw==",
      "license": "MIT",
      "dependencies": {
        "@xmldom/is-dom-node": "^1.0.1",
        "@xmldom/xmldom": "^0.8.10",
        "xpath": "^0.0.33"
      },
      "engines": {
        "node": ">=16"
      }
    },
    "node_modules/xml-crypto/node_modules/xpath": {
      "version": "0.0.33",
      "resolved": "https://registry.npmjs.org/xpath/-/xpath-0.0.33.tgz",
      "integrity": "sha512-NNXnzrkDrAzalLhIUc01jO2mOzXGXh1JwPgkihcLLzw98c0WgYDmmjSh1Kl3wzaxSVWMuA+fe0WTWOBDWCBmNA==",
      "license": "MIT",
      "engines": {
        "node": ">=0.6.0"
      }
    },
    "node_modules/xml-encryption": {
      "version": "3.0.2",
      "resolved": "https://registry.npmjs.org/xml-encryption/-/xml-encryption-3.0.2.tgz",
      "integrity": "sha512-VxYXPvsWB01/aqVLd6ZMPWZ+qaj0aIdF+cStrVJMcFj3iymwZeI0ABzB3VqMYv48DkSpRhnrXqTUkR34j+UDyg==",
      "license": "MIT",
      "dependencies": {
        "@xmldom/xmldom": "^0.8.5",
        "escape-html": "^1.0.3",
        "xpath": "0.0.32"
      },
      "engines": {
        "node": ">=12"
      }
    },
    "node_modules/xml-encryption/node_modules/xpath": {
      "version": "0.0.32",
      "resolved": "https://registry.npmjs.org/xpath/-/xpath-0.0.32.tgz",
      "integrity": "sha512-rxMJhSIoiO8vXcWvSifKqhvV96GjiD5wYb8/QHdoRyQvraTpp4IEv944nhGausZZ3u7dhQXteZuZbaqfpB7uYw==",
      "license": "MIT",
      "engines": {
        "node": ">=0.6.0"
      }
    },
    "node_modules/xml2js": {
      "version": "0.6.2",
      "resolved": "https://registry.npmjs.org/xml2js/-/xml2js-0.6.2.tgz",
      "integrity": "sha512-T4rieHaC1EXcES0Kxxj4JWgaUQHDk+qwHcYOCFHfiwKz7tOVPLq7Hjq9dM1WCMhylqMEfP7hMcOIChvotiZegA==",
      "license": "MIT",
      "dependencies": {
        "sax": ">=0.6.0",
        "xmlbuilder": "~11.0.0"
      },
      "engines": {
        "node": ">=4.0.0"
      }
    },
    "node_modules/xml2js/node_modules/xmlbuilder": {
      "version": "11.0.1",
      "resolved": "https://registry.npmjs.org/xmlbuilder/-/xmlbuilder-11.0.1.tgz",
      "integrity": "sha512-fDlsI/kFEx7gLvbecc0/ohLG50fugQp8ryHzMTuW9vSa1GJ0XYWKnhsUx7oie3G98+r56aTQIUB4kht42R3JvA==",
      "license": "MIT",
      "engines": {
        "node": ">=4.0"
      }
    },
    "node_modules/xmlbuilder": {
      "version": "15.1.1",
      "resolved": "https://registry.npmjs.org/xmlbuilder/-/xmlbuilder-15.1.1.tgz",
      "integrity": "sha512-yMqGBqtXyeN1e3TGYvgNgDVZ3j84W4cwkOXQswghol6APgZWaff9lnbvN7MHYJOiXsvGPXtjTYJEiC9J2wv9Eg==",
      "license": "MIT",
      "engines": {
        "node": ">=8.0"
      }
    },
    "node_modules/xpath": {
      "version": "0.0.34",
      "resolved": "https://registry.npmjs.org/xpath/-/xpath-0.0.34.tgz",
      "integrity": "sha512-FxF6+rkr1rNSQrhUNYrAFJpRXNzlDoMxeXN5qI84939ylEv3qqPFKa85Oxr6tDaJKqwW6KKyo2v26TSv3k6LeA==",
      "license": "MIT",
      "engines": {
        "node": ">=0.6.0"
      }
    }
  }
}
